
Microsoft Visual Studio Solution File, Format Version 12.00
# Visual Studio Version 16
VisualStudioVersion = 16.0.33927.289
MinimumVisualStudioVersion = 10.0.40219.1
Project("{FAE04EC0-301F-11D3-BF4B-00C04F79EFBC}") = "obrazeniaMiecz", "obrazeniaMiecz\obrazeniaMiecz.csproj", "{400A3DF2-C5BF-4E6A-A963-333935A0691C}"
EndProject
Global
	GlobalSection(SolutionConfigurationPlatforms) = preSolution
		Debug|Any CPU = Debug|Any CPU
		Release|Any CPU = Release|Any CPU
	EndGlobalSection
	GlobalSection(ProjectConfigurationPlatforms) = postSolution
		{400A3DF2-C5BF-4E6A-A963-333935A0691C}.Debug|Any CPU.ActiveCfg = Debug|Any CPU
		{400A3DF2-C5BF-4E6A-A963-333935A0691C}.Debug|Any CPU.Build.0 = Debug|Any CPU
		{400A3DF2-C5BF-4E6A-A963-333935A0691C}.Release|Any CPU.ActiveCfg = Release|Any CPU
		{400A3DF2-C5BF-4E6A-A963-333935A0691C}.Release|Any CPU.Build.0 = Release|Any CPU
	EndGlobalSection
	GlobalSection(SolutionProperties) = preSolution
		HideSolutionNode = FALSE
	EndGlobalSection
	GlobalSection(ExtensibilityGlobals) = postSolution
		SolutionGuid = {ACD95ADC-5A2C-47E9-9852-E93CF9476339}
	EndGlobalSection
EndGlobal
